{
  "version": 4,
  "terraform_version": "1.1.7",
  "serial": 231,
  "lineage": "bc608f45-ffcd-17e6-7177-be32f7226c0f",
  "outputs": {
    "Input_Bucket_Arn": {
      "value": "arn:aws:s3:::mlops-zoomcamp-home-rent-input-us-east-1",
      "type": "string"
    },
    "Output_Bucket_Arn": {
      "value": "arn:aws:s3:::mlops-zoomcamp-home-rent-output-us-east-1",
      "type": "string"
    },
    "lambda_name": {
      "value": "homerent-processor-demo-lambda-container",
      "type": "string"
    },
    "lambda_name_Arn": {
      "value": "arn:aws:lambda:us-east-1:222401151454:function:homerent-processor-demo-lambda-container",
      "type": "string"
    },
    "repo_url": {
      "value": "222401151454.dkr.ecr.us-east-1.amazonaws.com/homerent-processor-demo-lambda-container",
      "type": "string"
    }
  },
  "resources": [
    {
      "mode": "data",
      "type": "aws_caller_identity",
      "name": "current",
      "provider": "provider[\"registry.terraform.io/hashicorp/aws\"]",
      "instances": [
        {
          "schema_version": 0,
          "attributes": {
            "account_id": "222401151454",
            "arn": "arn:aws:iam::222401151454:user/amit_vs_user",
            "id": "222401151454",
            "user_id": "AIDATHSBEIHPNVH7E6DV4"
          },
          "sensitive_attributes": []
        }
      ]
    },
    {
      "mode": "data",
      "type": "aws_ecr_image",
      "name": "lambda_image",
      "provider": "provider[\"registry.terraform.io/hashicorp/aws\"]",
      "instances": [
        {
          "schema_version": 0,
          "attributes": {
            "id": "sha256:f2c2f7cfe20e2986caa8ccbd3980a1291062fd6f4d2d44a5517ead89866a6836",
            "image_digest": "sha256:f2c2f7cfe20e2986caa8ccbd3980a1291062fd6f4d2d44a5517ead89866a6836",
            "image_pushed_at": 1661854686,
            "image_size_in_bytes": 608965874,
            "image_tag": "latest",
            "image_tags": [
              "latest"
            ],
            "registry_id": "222401151454",
            "repository_name": "homerent-processor-demo-lambda-container"
          },
          "sensitive_attributes": []
        }
      ]
    },
    {
      "mode": "managed",
      "type": "aws_cloudwatch_log_group",
      "name": "re-them-prediction-logger-log",
      "provider": "provider[\"registry.terraform.io/hashicorp/aws\"]",
      "instances": [
        {
          "schema_version": 0,
          "attributes": {
            "arn": "arn:aws:logs:us-east-1:222401151454:log-group:homerent-processor-demo-lambda-container",
            "id": "homerent-processor-demo-lambda-container",
            "kms_key_id": "",
            "name": "homerent-processor-demo-lambda-container",
            "name_prefix": null,
            "retention_in_days": 60,
            "tags": {
              "created_by": "akayal",
              "group": "mlops-zoomcamp"
            },
            "tags_all": {
              "created_by": "akayal",
              "group": "mlops-zoomcamp"
            }
          },
          "sensitive_attributes": [],
          "private": "bnVsbA=="
        }
      ]
    },
    {
      "mode": "managed",
      "type": "aws_ecr_repository",
      "name": "repo",
      "provider": "provider[\"registry.terraform.io/hashicorp/aws\"]",
      "instances": [
        {
          "schema_version": 0,
          "attributes": {
            "arn": "arn:aws:ecr:us-east-1:222401151454:repository/homerent-processor-demo-lambda-container",
            "encryption_configuration": [
              {
                "encryption_type": "AES256",
                "kms_key": ""
              }
            ],
            "id": "homerent-processor-demo-lambda-container",
            "image_scanning_configuration": [
              {
                "scan_on_push": false
              }
            ],
            "image_tag_mutability": "MUTABLE",
            "name": "homerent-processor-demo-lambda-container",
            "registry_id": "222401151454",
            "repository_url": "222401151454.dkr.ecr.us-east-1.amazonaws.com/homerent-processor-demo-lambda-container",
            "tags": {},
            "tags_all": {},
            "timeouts": null
          },
          "sensitive_attributes": [],
          "private": "eyJlMmJmYjczMC1lY2FhLTExZTYtOGY4OC0zNDM2M2JjN2M0YzAiOnsiZGVsZXRlIjoxMjAwMDAwMDAwMDAwfX0="
        }
      ]
    },
    {
      "mode": "managed",
      "type": "aws_ecr_repository_policy",
      "name": "demo-repo-policy",
      "provider": "provider[\"registry.terraform.io/hashicorp/aws\"]",
      "instances": [
        {
          "schema_version": 0,
          "attributes": {
            "id": "homerent-processor-demo-lambda-container",
            "policy": "{\"Statement\":[{\"Action\":[\"ecr:BatchCheckLayerAvailability\",\"ecr:BatchGetImage\",\"ecr:CompleteLayerUpload\",\"ecr:GetDownloadUrlForLayer\",\"ecr:GetLifecyclePolicy\",\"ecr:InitiateLayerUpload\",\"ecr:PutImage\",\"ecr:UploadLayerPart\"],\"Effect\":\"Allow\",\"Principal\":\"*\",\"Sid\":\"adds full ecr access to the demo repository\"}],\"Version\":\"2008-10-17\"}",
            "registry_id": "222401151454",
            "repository": "homerent-processor-demo-lambda-container"
          },
          "sensitive_attributes": [],
          "private": "bnVsbA==",
          "dependencies": [
            "aws_ecr_repository.repo"
          ]
        }
      ]
    },
    {
      "mode": "managed",
      "type": "aws_iam_policy",
      "name": "houserent_predictor_lambda_policy",
      "provider": "provider[\"registry.terraform.io/hashicorp/aws\"]",
      "instances": [
        {
          "schema_version": 0,
          "attributes": {
            "arn": "arn:aws:iam::222401151454:policy/text-summarization-lambda-policy",
            "description": "Policy for the text summarization function to put records into the Amazon Kinesis Data Firehose",
            "id": "arn:aws:iam::222401151454:policy/text-summarization-lambda-policy",
            "name": "text-summarization-lambda-policy",
            "name_prefix": null,
            "path": "/",
            "policy": "{\"Statement\":[{\"Action\":[\"logs:CreateLogGroup\",\"logs:CreateLogStream\",\"logs:PutLogEvents\",\"xray:GetSamplingRules\",\"xray:GetSamplingStatisticSummaries\",\"xray:GetSamplingTargets\",\"xray:PutTelemetryRecords\",\"xray:PutTraceSegments\",\"ecr:*\"],\"Effect\":\"Allow\",\"Resource\":[\"*\"]},{\"Action\":[\"es:DeleteOutboundConnection\",\"es:DeletePackage\",\"es:ListElasticsearchInstanceTypeDetails\",\"es:ListDomainsForPackage\",\"ec2:CreateNetworkInterface\",\"ec2:DescribeInstances\",\"ec2:DescribeNetworkInterfaces\",\"ec2:DeleteNetworkInterface\",\"ec2:AttachNetworkInterface\",\"s3:*\",\"sqs:*\",\"es:ListInstanceTypeDetails\",\"es:AcceptInboundConnection\",\"es:DeleteElasticsearchServiceRole\",\"es:DescribeInboundConnections\",\"es:DescribeOutboundConnections\",\"es:DescribeReservedInstances\",\"es:AcceptInboundCrossClusterSearchConnection\",\"es:DescribeReservedInstanceOfferings\",\"es:DescribeInstanceTypeLimits\",\"es:DeleteInboundCrossClusterSearchConnection\",\"es:DescribeOutboundCrossClusterSearchConnections\",\"es:DeleteOutboundCrossClusterSearchConnection\",\"es:DescribeReservedElasticsearchInstanceOfferings\",\"es:CreateServiceRole\",\"es:CreateElasticsearchServiceRole\",\"es:UpdatePackage\",\"es:RejectInboundCrossClusterSearchConnection\",\"es:DeleteInboundConnection\",\"es:GetPackageVersionHistory\",\"es:RejectInboundConnection\",\"es:PurchaseReservedElasticsearchInstanceOffering\",\"es:DescribeInboundCrossClusterSearchConnections\",\"es:ListVersions\",\"es:DescribeReservedElasticsearchInstances\",\"es:ListDomainNames\",\"es:PurchaseReservedInstanceOffering\",\"es:CreatePackage\",\"es:DescribePackages\",\"es:ListElasticsearchInstanceTypes\",\"es:ListElasticsearchVersions\",\"es:DescribeElasticsearchInstanceTypeLimits\"],\"Effect\":\"Allow\",\"Resource\":\"*\",\"Sid\":\"VisualEditor0\"}],\"Version\":\"2012-10-17\"}",
            "policy_id": "ANPATHSBEIHPFCAJH4VRF",
            "tags": {},
            "tags_all": {}
          },
          "sensitive_attributes": [],
          "private": "bnVsbA=="
        }
      ]
    },
    {
      "mode": "managed",
      "type": "aws_iam_role",
      "name": "houserent_predictor_lambda_role",
      "provider": "provider[\"registry.terraform.io/hashicorp/aws\"]",
      "instances": [
        {
          "schema_version": 0,
          "attributes": {
            "arn": "arn:aws:iam::222401151454:role/text-summarization-lambda-role",
            "assume_role_policy": "{\"Version\":\"2012-10-17\",\"Statement\":[{\"Effect\":\"Allow\",\"Principal\":{\"Service\":\"lambda.amazonaws.com\"},\"Action\":\"sts:AssumeRole\"}]}",
            "create_date": "2022-08-29T11:15:55Z",
            "description": "",
            "force_detach_policies": false,
            "id": "text-summarization-lambda-role",
            "inline_policy": [
              {
                "name": "",
                "policy": ""
              }
            ],
            "managed_policy_arns": [
              "arn:aws:iam::222401151454:policy/text-summarization-lambda-policy"
            ],
            "max_session_duration": 3600,
            "name": "text-summarization-lambda-role",
            "name_prefix": "",
            "path": "/",
            "permissions_boundary": null,
            "tags": {
              "created_by": "akayal",
              "group": "mlops-zoomcamp"
            },
            "tags_all": {
              "created_by": "akayal",
              "group": "mlops-zoomcamp"
            },
            "unique_id": "AROATHSBEIHPDJCJALSBY"
          },
          "sensitive_attributes": [],
          "private": "bnVsbA=="
        }
      ]
    },
    {
      "mode": "managed",
      "type": "aws_iam_role_policy_attachment",
      "name": "houserent_predictor_lambda",
      "provider": "provider[\"registry.terraform.io/hashicorp/aws\"]",
      "instances": [
        {
          "schema_version": 0,
          "attributes": {
            "id": "text-summarization-lambda-role-20220829111559534200000001",
            "policy_arn": "arn:aws:iam::222401151454:policy/text-summarization-lambda-policy",
            "role": "text-summarization-lambda-role"
          },
          "sensitive_attributes": [],
          "private": "bnVsbA==",
          "dependencies": [
            "aws_iam_policy.houserent_predictor_lambda_policy",
            "aws_iam_role.houserent_predictor_lambda_role"
          ]
        }
      ]
    },
    {
      "mode": "managed",
      "type": "aws_lambda_alias",
      "name": "ml-backend-predict-alias",
      "provider": "provider[\"registry.terraform.io/hashicorp/aws\"]",
      "instances": [
        {
          "schema_version": 0,
          "attributes": {
            "arn": "arn:aws:lambda:us-east-1:222401151454:function:homerent-processor-demo-lambda-container:STABLE",
            "description": "A STABLE version of lambda function",
            "function_name": "homerent-processor-demo-lambda-container",
            "function_version": "$LATEST",
            "id": "arn:aws:lambda:us-east-1:222401151454:function:homerent-processor-demo-lambda-container:STABLE",
            "invoke_arn": "arn:aws:apigateway:us-east-1:lambda:path/2015-03-31/functions/arn:aws:lambda:us-east-1:222401151454:function:homerent-processor-demo-lambda-container:STABLE/invocations",
            "name": "STABLE",
            "routing_config": []
          },
          "sensitive_attributes": [],
          "private": "bnVsbA==",
          "dependencies": [
            "aws_ecr_repository.repo",
            "aws_iam_role.houserent_predictor_lambda_role",
            "aws_lambda_function.home_rent_event_processor",
            "aws_s3_bucket.s3_home_loan_data_output",
            "data.aws_caller_identity.current",
            "data.aws_ecr_image.lambda_image",
            "null_resource.ecr_image"
          ]
        }
      ]
    },
    {
      "mode": "managed",
      "type": "aws_lambda_function",
      "name": "home_rent_event_processor",
      "provider": "provider[\"registry.terraform.io/hashicorp/aws\"]",
      "instances": [
        {
          "schema_version": 0,
          "attributes": {
            "architectures": [
              "x86_64"
            ],
            "arn": "arn:aws:lambda:us-east-1:222401151454:function:homerent-processor-demo-lambda-container",
            "code_signing_config_arn": "",
            "dead_letter_config": [],
            "description": "",
            "environment": [
              {
                "variables": {
                  "ServiceConfiguration__DEST_BUCKET": "mlops-zoomcamp-home-rent-output-us-east-1",
                  "ServiceConfiguration__LOGGING_LEVEL": "INFO"
                }
              }
            ],
            "file_system_config": [],
            "filename": null,
            "function_name": "homerent-processor-demo-lambda-container",
            "handler": "",
            "id": "homerent-processor-demo-lambda-container",
            "image_config": [],
            "image_uri": "222401151454.dkr.ecr.us-east-1.amazonaws.com/homerent-processor-demo-lambda-container@sha256:f2c2f7cfe20e2986caa8ccbd3980a1291062fd6f4d2d44a5517ead89866a6836",
            "invoke_arn": "arn:aws:apigateway:us-east-1:lambda:path/2015-03-31/functions/arn:aws:lambda:us-east-1:222401151454:function:homerent-processor-demo-lambda-container/invocations",
            "kms_key_arn": "",
            "last_modified": "2022-08-30T10:18:09.000+0000",
            "layers": [],
            "memory_size": 1024,
            "package_type": "Image",
            "publish": false,
            "qualified_arn": "arn:aws:lambda:us-east-1:222401151454:function:homerent-processor-demo-lambda-container:$LATEST",
            "reserved_concurrent_executions": 3,
            "role": "arn:aws:iam::222401151454:role/text-summarization-lambda-role",
            "runtime": "",
            "s3_bucket": null,
            "s3_key": null,
            "s3_object_version": null,
            "signing_job_arn": "",
            "signing_profile_version_arn": "",
            "source_code_hash": "f2c2f7cfe20e2986caa8ccbd3980a1291062fd6f4d2d44a5517ead89866a6836",
            "source_code_size": 0,
            "tags": {
              "created_by": "akayal",
              "group": "mlops-zoomcamp"
            },
            "tags_all": {
              "created_by": "akayal",
              "group": "mlops-zoomcamp"
            },
            "timeout": 600,
            "timeouts": null,
            "tracing_config": [
              {
                "mode": "PassThrough"
              }
            ],
            "version": "$LATEST",
            "vpc_config": []
          },
          "sensitive_attributes": [],
          "private": "eyJlMmJmYjczMC1lY2FhLTExZTYtOGY4OC0zNDM2M2JjN2M0YzAiOnsiY3JlYXRlIjo2MDAwMDAwMDAwMDB9fQ==",
          "dependencies": [
            "aws_ecr_repository.repo",
            "aws_iam_role.houserent_predictor_lambda_role",
            "aws_s3_bucket.s3_home_loan_data_output",
            "data.aws_caller_identity.current",
            "data.aws_ecr_image.lambda_image",
            "null_resource.ecr_image"
          ]
        }
      ]
    },
    {
      "mode": "managed",
      "type": "aws_lambda_permission",
      "name": "lambda-trigger-allow-bucket",
      "provider": "provider[\"registry.terraform.io/hashicorp/aws\"]",
      "instances": [
        {
          "schema_version": 0,
          "attributes": {
            "action": "lambda:InvokeFunction",
            "event_source_token": null,
            "function_name": "arn:aws:lambda:us-east-1:222401151454:function:homerent-processor-demo-lambda-container",
            "id": "AllowExecutionFromS3Bucket",
            "principal": "s3.amazonaws.com",
            "qualifier": "",
            "source_account": null,
            "source_arn": "arn:aws:s3:::mlops-zoomcamp-home-rent-input-us-east-1",
            "statement_id": "AllowExecutionFromS3Bucket",
            "statement_id_prefix": null
          },
          "sensitive_attributes": [],
          "private": "bnVsbA==",
          "dependencies": [
            "aws_ecr_repository.repo",
            "aws_iam_role.houserent_predictor_lambda_role",
            "aws_lambda_function.home_rent_event_processor",
            "aws_s3_bucket.s3_home_loan_data_input",
            "aws_s3_bucket.s3_home_loan_data_output",
            "data.aws_caller_identity.current",
            "data.aws_ecr_image.lambda_image",
            "null_resource.ecr_image"
          ]
        }
      ]
    },
    {
      "mode": "managed",
      "type": "aws_s3_bucket",
      "name": "s3_home_loan_data_input",
      "provider": "provider[\"registry.terraform.io/hashicorp/aws\"]",
      "instances": [
        {
          "schema_version": 0,
          "attributes": {
            "acceleration_status": "",
            "acl": "private",
            "arn": "arn:aws:s3:::mlops-zoomcamp-home-rent-input-us-east-1",
            "bucket": "mlops-zoomcamp-home-rent-input-us-east-1",
            "bucket_domain_name": "mlops-zoomcamp-home-rent-input-us-east-1.s3.amazonaws.com",
            "bucket_prefix": null,
            "bucket_regional_domain_name": "mlops-zoomcamp-home-rent-input-us-east-1.s3.amazonaws.com",
            "cors_rule": [],
            "force_destroy": false,
            "grant": [],
            "hosted_zone_id": "Z3AQBSTGFYJSTF",
            "id": "mlops-zoomcamp-home-rent-input-us-east-1",
            "lifecycle_rule": [],
            "logging": [],
            "object_lock_configuration": [],
            "object_lock_enabled": false,
            "policy": null,
            "region": "us-east-1",
            "replication_configuration": [],
            "request_payer": "BucketOwner",
            "server_side_encryption_configuration": [],
            "tags": {
              "created_by": "akayal",
              "description": "Bucket keeping the code for houserent_predictor input dataset",
              "group": "mlops-zoomcamp"
            },
            "tags_all": {
              "created_by": "akayal",
              "description": "Bucket keeping the code for houserent_predictor input dataset",
              "group": "mlops-zoomcamp"
            },
            "versioning": [
              {
                "enabled": false,
                "mfa_delete": false
              }
            ],
            "website": [],
            "website_domain": null,
            "website_endpoint": null
          },
          "sensitive_attributes": [],
          "private": "bnVsbA=="
        }
      ]
    },
    {
      "mode": "managed",
      "type": "aws_s3_bucket",
      "name": "s3_home_loan_data_output",
      "provider": "provider[\"registry.terraform.io/hashicorp/aws\"]",
      "instances": [
        {
          "schema_version": 0,
          "attributes": {
            "acceleration_status": "",
            "acl": "private",
            "arn": "arn:aws:s3:::mlops-zoomcamp-home-rent-output-us-east-1",
            "bucket": "mlops-zoomcamp-home-rent-output-us-east-1",
            "bucket_domain_name": "mlops-zoomcamp-home-rent-output-us-east-1.s3.amazonaws.com",
            "bucket_prefix": null,
            "bucket_regional_domain_name": "mlops-zoomcamp-home-rent-output-us-east-1.s3.amazonaws.com",
            "cors_rule": [],
            "force_destroy": false,
            "grant": [],
            "hosted_zone_id": "Z3AQBSTGFYJSTF",
            "id": "mlops-zoomcamp-home-rent-output-us-east-1",
            "lifecycle_rule": [],
            "logging": [],
            "object_lock_configuration": [],
            "object_lock_enabled": false,
            "policy": null,
            "region": "us-east-1",
            "replication_configuration": [],
            "request_payer": "BucketOwner",
            "server_side_encryption_configuration": [],
            "tags": {
              "created_by": "akayal",
              "description": "Bucket keeping the code for houserent_predictor output.",
              "group": "mlops-zoomcamp"
            },
            "tags_all": {
              "created_by": "akayal",
              "description": "Bucket keeping the code for houserent_predictor output.",
              "group": "mlops-zoomcamp"
            },
            "versioning": [
              {
                "enabled": false,
                "mfa_delete": false
              }
            ],
            "website": [],
            "website_domain": null,
            "website_endpoint": null
          },
          "sensitive_attributes": [],
          "private": "bnVsbA=="
        }
      ]
    },
    {
      "mode": "managed",
      "type": "aws_s3_bucket_notification",
      "name": "lambda_s3_aws_cost_rep_pres_url_trigger",
      "provider": "provider[\"registry.terraform.io/hashicorp/aws\"]",
      "instances": [
        {
          "schema_version": 0,
          "attributes": {
            "bucket": "mlops-zoomcamp-home-rent-input-us-east-1",
            "eventbridge": false,
            "id": "mlops-zoomcamp-home-rent-input-us-east-1",
            "lambda_function": [
              {
                "events": [
                  "s3:ObjectCreated:*"
                ],
                "filter_prefix": "",
                "filter_suffix": "",
                "id": "tf-s3-lambda-20220829182334378700000001",
                "lambda_function_arn": "arn:aws:lambda:us-east-1:222401151454:function:homerent-processor-demo-lambda-container"
              }
            ],
            "queue": [],
            "topic": []
          },
          "sensitive_attributes": [],
          "private": "bnVsbA==",
          "dependencies": [
            "aws_ecr_repository.repo",
            "aws_iam_role.houserent_predictor_lambda_role",
            "aws_lambda_function.home_rent_event_processor",
            "aws_lambda_permission.lambda-trigger-allow-bucket",
            "aws_s3_bucket.s3_home_loan_data_input",
            "aws_s3_bucket.s3_home_loan_data_output",
            "data.aws_caller_identity.current",
            "data.aws_ecr_image.lambda_image",
            "null_resource.ecr_image"
          ]
        }
      ]
    },
    {
      "mode": "managed",
      "type": "null_resource",
      "name": "ecr_image",
      "provider": "provider[\"registry.terraform.io/hashicorp/null\"]",
      "instances": [
        {
          "schema_version": 0,
          "attributes": {
            "id": "1384987194",
            "triggers": {
              "docker_file": "c575da7bacdac64d20fd574ea11e1d39",
              "python_file": "7e5e8a5957ff259228eb81f57be308d9"
            }
          },
          "sensitive_attributes": [],
          "private": "bnVsbA==",
          "dependencies": [
            "data.aws_caller_identity.current"
          ]
        }
      ]
    }
  ]
}
